// !$*UTF8*$!
{
	archiveVersion = 1;
	classes = {
	};
	objectVersion = 56;
	objects = {

/* Begin PBXBuildFile section */
		94A235982A291E2D00BDA98E /* swiftUI_LoginApp.swift in Sources */ = {isa = PBXBuildFile; fileRef = 94A235972A291E2D00BDA98E /* swiftUI_LoginApp.swift */; };
		94A2359A2A291E2D00BDA98E /* MainMenuView.swift in Sources */ = {isa = PBXBuildFile; fileRef = 94A235992A291E2D00BDA98E /* MainMenuView.swift */; };
		94A2359C2A291E2E00BDA98E /* Assets.xcassets in Resources */ = {isa = PBXBuildFile; fileRef = 94A2359B2A291E2E00BDA98E /* Assets.xcassets */; };
		94A2359F2A291E2E00BDA98E /* Preview Assets.xcassets in Resources */ = {isa = PBXBuildFile; fileRef = 94A2359E2A291E2E00BDA98E /* Preview Assets.xcassets */; };
		94A235A92A291E2E00BDA98E /* swiftUI_LoginTests.swift in Sources */ = {isa = PBXBuildFile; fileRef = 94A235A82A291E2E00BDA98E /* swiftUI_LoginTests.swift */; };
		94A235B32A291E2E00BDA98E /* swiftUI_LoginUITests.swift in Sources */ = {isa = PBXBuildFile; fileRef = 94A235B22A291E2E00BDA98E /* swiftUI_LoginUITests.swift */; };
		94A235B52A291E2E00BDA98E /* swiftUI_LoginUITestsLaunchTests.swift in Sources */ = {isa = PBXBuildFile; fileRef = 94A235B42A291E2E00BDA98E /* swiftUI_LoginUITestsLaunchTests.swift */; };
/* End PBXBuildFile section */

/* Begin PBXContainerItemProxy section */
		94A235A52A291E2E00BDA98E /* PBXContainerItemProxy */ = {
			isa = PBXContainerItemProxy;
			containerPortal = 94A2358C2A291E2D00BDA98E /* Project object */;
			proxyType = 1;
			remoteGlobalIDString = 94A235932A291E2D00BDA98E;
			remoteInfo = "swiftUI-Login";
		};
		94A235AF2A291E2E00BDA98E /* PBXContainerItemProxy */ = {
			isa = PBXContainerItemProxy;
			containerPortal = 94A2358C2A291E2D00BDA98E /* Project object */;
			proxyType = 1;
			remoteGlobalIDString = 94A235932A291E2D00BDA98E;
			remoteInfo = "swiftUI-Login";
		};
/* End PBXContainerItemProxy section */

/* Begin PBXFileReference section */
		94A235942A291E2D00BDA98E /* swiftUI-Login.app */ = {isa = PBXFileReference; explicitFileType = wrapper.application; includeInIndex = 0; path = "swiftUI-Login.app"; sourceTree = BUILT_PRODUCTS_DIR; };
		94A235972A291E2D00BDA98E /* swiftUI_LoginApp.swift */ = {isa = PBXFileReference; lastKnownFileType = sourcecode.swift; path = swiftUI_LoginApp.swift; sourceTree = "<group>"; };
		94A235992A291E2D00BDA98E /* MainMenuView.swift */ = {isa = PBXFileReference; lastKnownFileType = sourcecode.swift; path = MainMenuView.swift; sourceTree = "<group>"; };
		94A2359B2A291E2E00BDA98E /* Assets.xcassets */ = {isa = PBXFileReference; lastKnownFileType = folder.assetcatalog; path = Assets.xcassets; sourceTree = "<group>"; };
		94A2359E2A291E2E00BDA98E /* Preview Assets.xcassets */ = {isa = PBXFileReference; lastKnownFileType = folder.assetcatalog; path = "Preview Assets.xcassets"; sourceTree = "<group>"; };
		94A235A42A291E2E00BDA98E /* swiftUI-LoginTests.xctest */ = {isa = PBXFileReference; explicitFileType = wrapper.cfbundle; includeInIndex = 0; path = "swiftUI-LoginTests.xctest"; sourceTree = BUILT_PRODUCTS_DIR; };
		94A235A82A291E2E00BDA98E /* swiftUI_LoginTests.swift */ = {isa = PBXFileReference; lastKnownFileType = sourcecode.swift; path = swiftUI_LoginTests.swift; sourceTree = "<group>"; };
		94A235AE2A291E2E00BDA98E /* swiftUI-LoginUITests.xctest */ = {isa = PBXFileReference; explicitFileType = wrapper.cfbundle; includeInIndex = 0; path = "swiftUI-LoginUITests.xctest"; sourceTree = BUILT_PRODUCTS_DIR; };
		94A235B22A291E2E00BDA98E /* swiftUI_LoginUITests.swift */ = {isa = PBXFileReference; lastKnownFileType = sourcecode.swift; path = swiftUI_LoginUITests.swift; sourceTree = "<group>"; };
		94A235B42A291E2E00BDA98E /* swiftUI_LoginUITestsLaunchTests.swift */ = {isa = PBXFileReference; lastKnownFileType = sourcecode.swift; path = swiftUI_LoginUITestsLaunchTests.swift; sourceTree = "<group>"; };
/* End PBXFileReference section */

/* Begin PBXFrameworksBuildPhase section */
		94A235912A291E2D00BDA98E /* Frameworks */ = {
			isa = PBXFrameworksBuildPhase;
			buildActionMask = 2147483647;
			files = (
			);
			runOnlyForDeploymentPostprocessing = 0;
		};
		94A235A12A291E2E00BDA98E /* Frameworks */ = {
			isa = PBXFrameworksBuildPhase;
			buildActionMask = 2147483647;
			files = (
			);
			runOnlyForDeploymentPostprocessing = 0;
		};
		94A235AB2A291E2E00BDA98E /* Frameworks */ = {
			isa = PBXFrameworksBuildPhase;
			buildActionMask = 2147483647;
			files = (
			);
			runOnlyForDeploymentPostprocessing = 0;
		};
/* End PBXFrameworksBuildPhase section */

/* Begin PBXGroup section */
		94A2358B2A291E2D00BDA98E = {
			isa = PBXGroup;
			children = (
				94A235962A291E2D00BDA98E /* swiftUI-Login */,
				94A235A72A291E2E00BDA98E /* swiftUI-LoginTests */,
				94A235B12A291E2E00BDA98E /* swiftUI-LoginUITests */,
				94A235952A291E2D00BDA98E /* Products */,
			);
			sourceTree = "<group>";
		};
		94A235952A291E2D00BDA98E /* Products */ = {
			isa = PBXGroup;
			children = (
				94A235942A291E2D00BDA98E /* swiftUI-Login.app */,
				94A235A42A291E2E00BDA98E /* swiftUI-LoginTests.xctest */,
				94A235AE2A291E2E00BDA98E /* swiftUI-LoginUITests.xctest */,
			);
			name = Products;
			sourceTree = "<group>";
		};
		94A235962A291E2D00BDA98E /* swiftUI-Login */ = {
			isa = PBXGroup;
			children = (
				94A235972A291E2D00BDA98E /* swiftUI_LoginApp.swift */,
				94A235992A291E2D00BDA98E /* MainMenuView.swift */,
				94A2359B2A291E2E00BDA98E /* Assets.xcassets */,
				94A2359D2A291E2E00BDA98E /* Preview Content */,
			);
			path = "swiftUI-Login";
			sourceTree = "<group>";
		};
		94A2359D2A291E2E00BDA98E /* Preview Content */ = {
			isa = PBXGroup;
			children = (
				94A2359E2A291E2E00BDA98E /* Preview Assets.xcassets */,
			);
			path = "Preview Content";
			sourceTree = "<group>";
		};
		94A235A72A291E2E00BDA98E /* swiftUI-LoginTests */ = {
			isa = PBXGroup;
			children = (
				94A235A82A291E2E00BDA98E /* swiftUI_LoginTests.swift */,
			);
			path = "swiftUI-LoginTests";
			sourceTree = "<group>";
		};
		94A235B12A291E2E00BDA98E /* swiftUI-LoginUITests */ = {
			isa = PBXGroup;
			children = (
				94A235B22A291E2E00BDA98E /* swiftUI_LoginUITests.swift */,
				94A235B42A291E2E00BDA98E /* swiftUI_LoginUITestsLaunchTests.swift */,
			);
			path = "swiftUI-LoginUITests";
			sourceTree = "<group>";
		};
/* End PBXGroup section */

/* Begin PBXNativeTarget section */
		94A235932A291E2D00BDA98E /* swiftUI-Login */ = {
			isa = PBXNativeTarget;
			buildConfigurationList = 94A235B82A291E2E00BDA98E /* Build configuration list for PBXNativeTarget "swiftUI-Login" */;
			buildPhases = (
				94A235902A291E2D00BDA98E /* Sources */,
				94A235912A291E2D00BDA98E /* Frameworks */,
				94A235922A291E2D00BDA98E /* Resources */,
			);
			buildRules = (
			);
			dependencies = (
			);
			name = "swiftUI-Login";
			productName = "swiftUI-Login";
			productReference = 94A235942A291E2D00BDA98E /* swiftUI-Login.app */;
			productType = "com.apple.product-type.application";
		};
		94A235A32A291E2E00BDA98E /* swiftUI-LoginTests */ = {
			isa = PBXNativeTarget;
			buildConfigurationList = 94A235BB2A291E2E00BDA98E /* Build configuration list for PBXNativeTarget "swiftUI-LoginTests" */;
			buildPhases = (
				94A235A02A291E2E00BDA98E /* Sources */,
				94A235A12A291E2E00BDA98E /* Frameworks */,
				94A235A22A291E2E00BDA98E /* Resources */,
			);
			buildRules = (
			);
			dependencies = (
				94A235A62A291E2E00BDA98E /* PBXTargetDependency */,
			);
			name = "swiftUI-LoginTests";
			productName = "swiftUI-LoginTests";
			productReference = 94A235A42A291E2E00BDA98E /* swiftUI-LoginTests.xctest */;
			productType = "com.apple.product-type.bundle.unit-test";
		};
		94A235AD2A291E2E00BDA98E /* swiftUI-LoginUITests */ = {
			isa = PBXNativeTarget;
			buildConfigurationList = 94A235BE2A291E2E00BDA98E /* Build configuration list for PBXNativeTarget "swiftUI-LoginUITests" */;
			buildPhases = (
				94A235AA2A291E2E00BDA98E /* Sources */,
				94A235AB2A291E2E00BDA98E /* Frameworks */,
				94A235AC2A291E2E00BDA98E /* Resources */,
			);
			buildRules = (
			);
			dependencies = (
				94A235B02A291E2E00BDA98E /* PBXTargetDependency */,
			);
			name = "swiftUI-LoginUITests";
			productName = "swiftUI-LoginUITests";
			productReference = 94A235AE2A291E2E00BDA98E /* swiftUI-LoginUITests.xctest */;
			productType = "com.apple.product-type.bundle.ui-testing";
		};
/* End PBXNativeTarget section */

/* Begin PBXProject section */
		94A2358C2A291E2D00BDA98E /* Project object */ = {
			isa = PBXProject;
			attributes = {
				BuildIndependentTargetsInParallel = 1;
				LastSwiftUpdateCheck = 1430;
				LastUpgradeCheck = 1430;
				TargetAttributes = {
					94A235932A291E2D00BDA98E = {
						CreatedOnToolsVersion = 14.3;
					};
					94A235A32A291E2E00BDA98E = {
						CreatedOnToolsVersion = 14.3;
						TestTargetID = 94A235932A291E2D00BDA98E;
					};
					94A235AD2A291E2E00BDA98E = {
						CreatedOnToolsVersion = 14.3;
						TestTargetID = 94A235932A291E2D00BDA98E;
					};
				};
			};
			buildConfigurationList = 94A2358F2A291E2D00BDA98E /* Build configuration list for PBXProject "swiftUI-Login" */;
			compatibilityVersion = "Xcode 14.0";
			developmentRegion = en;
			hasScannedForEncodings = 0;
			knownRegions = (
				en,
				Base,
			);
			mainGroup = 94A2358B2A291E2D00BDA98E;
			productRefGroup = 94A235952A291E2D00BDA98E /* Products */;
			projectDirPath = "";
			projectRoot = "";
			targets = (
				94A235932A291E2D00BDA98E /* swiftUI-Login */,
				94A235A32A291E2E00BDA98E /* swiftUI-LoginTests */,
				94A235AD2A291E2E00BDA98E /* swiftUI-LoginUITests */,
			);
		};
/* End PBXProject section */

/* Begin PBXResourcesBuildPhase section */
		94A235922A291E2D00BDA98E /* Resources */ = {
			isa = PBXResourcesBuildPhase;
			buildActionMask = 2147483647;
			files = (
				94A2359F2A291E2E00BDA98E /* Preview Assets.xcassets in Resources */,
				94A2359C2A291E2E00BDA98E /* Assets.xcassets in Resources */,
			);
			runOnlyForDeploymentPostprocessing = 0;
		};
		94A235A22A291E2E00BDA98E /* Resources */ = {
			isa = PBXResourcesBuildPhase;
			buildActionMask = 2147483647;
			files = (
			);
			runOnlyForDeploymentPostprocessing = 0;
		};
		94A235AC2A291E2E00BDA98E /* Resources */ = {
			isa = PBXResourcesBuildPhase;
			buildActionMask = 2147483647;
			files = (
			);
			runOnlyForDeploymentPostprocessing = 0;
		};
/* End PBXResourcesBuildPhase section */

/* Begin PBXSourcesBuildPhase section */
		94A235902A291E2D00BDA98E /* Sources */ = {
			isa = PBXSourcesBuildPhase;
			buildActionMask = 2147483647;
			files = (
				94A2359A2A291E2D00BDA98E /* MainMenuView.swift in Sources */,
				94A235982A291E2D00BDA98E /* swiftUI_LoginApp.swift in Sources */,
			);
			runOnlyForDeploymentPostprocessing = 0;
		};
		94A235A02A291E2E00BDA98E /* Sources */ = {
			isa = PBXSourcesBuildPhase;
			buildActionMask = 2147483647;
			files = (
				94A235A92A291E2E00BDA98E /* swiftUI_LoginTests.swift in Sources */,
			);
			runOnlyForDeploymentPostprocessing = 0;
		};
		94A235AA2A291E2E00BDA98E /* Sources */ = {
			isa = PBXSourcesBuildPhase;
			buildActionMask = 2147483647;
			files = (
				94A235B52A291E2E00BDA98E /* swiftUI_LoginUITestsLaunchTests.swift in Sources */,
				94A235B32A291E2E00BDA98E /* swiftUI_LoginUITests.swift in Sources */,
			);
			runOnlyForDeploymentPostprocessing = 0;
		};
/* End PBXSourcesBuildPhase section */

/* Begin PBXTargetDependency section */
		94A235A62A291E2E00BDA98E /* PBXTargetDependency */ = {
			isa = PBXTargetDependency;
			target = 94A235932A291E2D00BDA98E /* swiftUI-Login */;
			targetProxy = 94A235A52A291E2E00BDA98E /* PBXContainerItemProxy */;
		};
		94A235B02A291E2E00BDA98E /* PBXTargetDependency */ = {
			isa = PBXTargetDependency;
			target = 94A235932A291E2D00BDA98E /* swiftUI-Login */;
			targetProxy = 94A235AF2A291E2E00BDA98E /* PBXContainerItemProxy */;
		};
/* End PBXTargetDependency section */

/* Begin XCBuildConfiguration section */
		94A235B62A291E2E00BDA98E /* Debug */ = {
			isa = XCBuildConfiguration;
			buildSettings = {
				ALWAYS_SEARCH_USER_PATHS = NO;
				CLANG_ANALYZER_NONNULL = YES;
				CLANG_ANALYZER_NUMBER_OBJECT_CONVERSION = YES_AGGRESSIVE;
				CLANG_CXX_LANGUAGE_STANDARD = "gnu++20";
				CLANG_ENABLE_MODULES = YES;
				CLANG_ENABLE_OBJC_ARC = YES;
				CLANG_ENABLE_OBJC_WEAK = YES;
				CLANG_WARN_BLOCK_CAPTURE_AUTORELEASING = YES;
				CLANG_WARN_BOOL_CONVERSION = YES;
				CLANG_WARN_COMMA = YES;
				CLANG_WARN_CONSTANT_CONVERSION = YES;
				CLANG_WARN_DEPRECATED_OBJC_IMPLEMENTATIONS = YES;
				CLANG_WARN_DIRECT_OBJC_ISA_USAGE = YES_ERROR;
				CLANG_WARN_DOCUMENTATION_COMMENTS = YES;
				CLANG_WARN_EMPTY_BODY = YES;
				CLANG_WARN_ENUM_CONVERSION = YES;
				CLANG_WARN_INFINITE_RECURSION = YES;
				CLANG_WARN_INT_CONVERSION = YES;
				CLANG_WARN_NON_LITERAL_NULL_CONVERSION = YES;
				CLANG_WARN_OBJC_IMPLICIT_RETAIN_SELF = YES;
				CLANG_WARN_OBJC_LITERAL_CONVERSION = YES;
				CLANG_WARN_OBJC_ROOT_CLASS = YES_ERROR;
				CLANG_WARN_QUOTED_INCLUDE_IN_FRAMEWORK_HEADER = YES;
				CLANG_WARN_RANGE_LOOP_ANALYSIS = YES;
				CLANG_WARN_STRICT_PROTOTYPES = YES;
				CLANG_WARN_SUSPICIOUS_MOVE = YES;
				CLANG_WARN_UNGUARDED_AVAILABILITY = YES_AGGRESSIVE;
				CLANG_WARN_UNREACHABLE_CODE = YES;
				CLANG_WARN__DUPLICATE_METHOD_MATCH = YES;
				COPY_PHASE_STRIP = NO;
				DEBUG_INFORMATION_FORMAT = dwarf;
				ENABLE_STRICT_OBJC_MSGSEND = YES;
				ENABLE_TESTABILITY = YES;
				GCC_C_LANGUAGE_STANDARD = gnu11;
				GCC_DYNAMIC_NO_PIC = NO;
				GCC_NO_COMMON_BLOCKS = YES;
				GCC_OPTIMIZATION_LEVEL = 0;
				GCC_PREPROCESSOR_DEFINITIONS = (
					"DEBUG=1",
					"$(inherited)",
				);
				GCC_WARN_64_TO_32_BIT_CONVERSION = YES;
				GCC_WARN_ABOUT_RETURN_TYPE = YES_ERROR;
				GCC_WARN_UNDECLARED_SELECTOR = YES;
				GCC_WARN_UNINITIALIZED_AUTOS = YES_AGGRESSIVE;
				GCC_WARN_UNUSED_FUNCTION = YES;
				GCC_WARN_UNUSED_VARIABLE = YES;
				IPHONEOS_DEPLOYMENT_TARGET = 16.4;
				MTL_ENABLE_DEBUG_INFO = INCLUDE_SOURCE;
				MTL_FAST_MATH = YES;
				ONLY_ACTIVE_ARCH = YES;
				SDKROOT = iphoneos;
				SWIFT_ACTIVE_COMPILATION_CONDITIONS = DEBUG;
				SWIFT_OPTIMIZATION_LEVEL = "-Onone";
			};
			name = Debug;
		};
		94A235B72A291E2E00BDA98E /* Release */ = {
			isa = XCBuildConfiguration;
			buildSettings = {
				ALWAYS_SEARCH_USER_PATHS = NO;
				CLANG_ANALYZER_NONNULL = YES;
				CLANG_ANALYZER_NUMBER_OBJECT_CONVERSION = YES_AGGRESSIVE;
				CLANG_CXX_LANGUAGE_STANDARD = "gnu++20";
				CLANG_ENABLE_MODULES = YES;
				CLANG_ENABLE_OBJC_ARC = YES;
				CLANG_ENABLE_OBJC_WEAK = YES;
				CLANG_WARN_BLOCK_CAPTURE_AUTORELEASING = YES;
				CLANG_WARN_BOOL_CONVERSION = YES;
				CLANG_WARN_COMMA = YES;
				CLANG_WARN_CONSTANT_CONVERSION = YES;
				CLANG_WARN_DEPRECATED_OBJC_IMPLEMENTATIONS = YES;
				CLANG_WARN_DIRECT_OBJC_ISA_USAGE = YES_ERROR;
				CLANG_WARN_DOCUMENTATION_COMMENTS = YES;
				CLANG_WARN_EMPTY_BODY = YES;
				CLANG_WARN_ENUM_CONVERSION = YES;
				CLANG_WARN_INFINITE_RECURSION = YES;
				CLANG_WARN_INT_CONVERSION = YES;
				CLANG_WARN_NON_LITERAL_NULL_CONVERSION = YES;
				CLANG_WARN_OBJC_IMPLICIT_RETAIN_SELF = YES;
				CLANG_WARN_OBJC_LITERAL_CONVERSION = YES;
				CLANG_WARN_OBJC_ROOT_CLASS = YES_ERROR;
				CLANG_WARN_QUOTED_INCLUDE_IN_FRAMEWORK_HEADER = YES;
				CLANG_WARN_RANGE_LOOP_ANALYSIS = YES;
				CLANG_WARN_STRICT_PROTOTYPES = YES;
				CLANG_WARN_SUSPICIOUS_MOVE = YES;
				CLANG_WARN_UNGUARDED_AVAILABILITY = YES_AGGRESSIVE;
				CLANG_WARN_UNREACHABLE_CODE = YES;
				CLANG_WARN__DUPLICATE_METHOD_MATCH = YES;
				COPY_PHASE_STRIP = NO;
				DEBUG_INFORMATION_FORMAT = "dwarf-with-dsym";
				ENABLE_NS_ASSERTIONS = NO;
				ENABLE_STRICT_OBJC_MSGSEND = YES;
				GCC_C_LANGUAGE_STANDARD = gnu11;
				GCC_NO_COMMON_BLOCKS = YES;
				GCC_WARN_64_TO_32_BIT_CONVERSION = YES;
				GCC_WARN_ABOUT_RETURN_TYPE = YES_ERROR;
				GCC_WARN_UNDECLARED_SELECTOR = YES;
				GCC_WARN_UNINITIALIZED_AUTOS = YES_AGGRESSIVE;
				GCC_WARN_UNUSED_FUNCTION = YES;
				GCC_WARN_UNUSED_VARIABLE = YES;
				IPHONEOS_DEPLOYMENT_TARGET = 16.4;
				MTL_ENABLE_DEBUG_INFO = NO;
				MTL_FAST_MATH = YES;
				SDKROOT = iphoneos;
				SWIFT_COMPILATION_MODE = wholemodule;
				SWIFT_OPTIMIZATION_LEVEL = "-O";
				VALIDATE_PRODUCT = YES;
			};
			name = Release;
		};
		94A235B92A291E2E00BDA98E /* Debug */ = {
			isa = XCBuildConfiguration;
			buildSettings = {
				ASSETCATALOG_COMPILER_APPICON_NAME = AppIcon;
				ASSETCATALOG_COMPILER_GLOBAL_ACCENT_COLOR_NAME = AccentColor;
				CODE_SIGN_STYLE = Automatic;
				CURRENT_PROJECT_VERSION = 1;
				DEVELOPMENT_ASSET_PATHS = "\"swiftUI-Login/Preview Content\"";
				ENABLE_PREVIEWS = YES;
				GENERATE_INFOPLIST_FILE = YES;
				INFOPLIST_KEY_UIApplicationSceneManifest_Generation = YES;
				INFOPLIST_KEY_UIApplicationSupportsIndirectInputEvents = YES;
				INFOPLIST_KEY_UILaunchScreen_Generation = YES;
				INFOPLIST_KEY_UISupportedInterfaceOrientations_iPad = "UIInterfaceOrientationPortrait UIInterfaceOrientationPortraitUpsideDown UIInterfaceOrientationLandscapeLeft UIInterfaceOrientationLandscapeRight";
				INFOPLIST_KEY_UISupportedInterfaceOrientations_iPhone = "UIInterfaceOrientationPortrait UIInterfaceOrientationLandscapeLeft UIInterfaceOrientationLandscapeRight";
				LD_RUNPATH_SEARCH_PATHS = (
					"$(inherited)",
					"@executable_path/Frameworks",
				);
				MARKETING_VERSION = 1.0;
				PRODUCT_BUNDLE_IDENTIFIER = "swith-case.swiftUI-Login";
				PRODUCT_NAME = "$(TARGET_NAME)";
				SWIFT_EMIT_LOC_STRINGS = YES;
				SWIFT_VERSION = 5.0;
				TARGETED_DEVICE_FAMILY = "1,2";
			};
			name = Debug;
		};
		94A235BA2A291E2E00BDA98E /* Release */ = {
			isa = XCBuildConfiguration;
			buildSettings = {
				ASSETCATALOG_COMPILER_APPICON_NAME = AppIcon;
				ASSETCATALOG_COMPILER_GLOBAL_ACCENT_COLOR_NAME = AccentColor;
				CODE_SIGN_STYLE = Automatic;
				CURRENT_PROJECT_VERSION = 1;
				DEVELOPMENT_ASSET_PATHS = "\"swiftUI-Login/Preview Content\"";
				ENABLE_PREVIEWS = YES;
				GENERATE_INFOPLIST_FILE = YES;
				INFOPLIST_KEY_UIApplicationSceneManifest_Generation = YES;
				INFOPLIST_KEY_UIApplicationSupportsIndirectInputEvents = YES;
				INFOPLIST_KEY_UILaunchScreen_Generation = YES;
				INFOPLIST_KEY_UISupportedInterfaceOrientations_iPad = "UIInterfaceOrientationPortrait UIInterfaceOrientationPortraitUpsideDown UIInterfaceOrientationLandscapeLeft UIInterfaceOrientationLandscapeRight";
				INFOPLIST_KEY_UISupportedInterfaceOrientations_iPhone = "UIInterfaceOrientationPortrait UIInterfaceOrientationLandscapeLeft UIInterfaceOrientationLandscapeRight";
				LD_RUNPATH_SEARCH_PATHS = (
					"$(inherited)",
					"@executable_path/Frameworks",
				);
				MARKETING_VERSION = 1.0;
				PRODUCT_BUNDLE_IDENTIFIER = "swith-case.swiftUI-Login";
				PRODUCT_NAME = "$(TARGET_NAME)";
				SWIFT_EMIT_LOC_STRINGS = YES;
				SWIFT_VERSION = 5.0;
				TARGETED_DEVICE_FAMILY = "1,2";
			};
			name = Release;
		};
		94A235BC2A291E2E00BDA98E /* Debug */ = {
			isa = XCBuildConfiguration;
			buildSettings = {
				ALWAYS_EMBED_SWIFT_STANDARD_LIBRARIES = YES;
				BUNDLE_LOADER = "$(TEST_HOST)";
				CODE_SIGN_STYLE = Automatic;
				CURRENT_PROJECT_VERSION = 1;
				GENERATE_INFOPLIST_FILE = YES;
				IPHONEOS_DEPLOYMENT_TARGET = 16.4;
				MARKETING_VERSION = 1.0;
				PRODUCT_BUNDLE_IDENTIFIER = "swith-case.swiftUI-LoginTests";
				PRODUCT_NAME = "$(TARGET_NAME)";
				SWIFT_EMIT_LOC_STRINGS = NO;
				SWIFT_VERSION = 5.0;
				TARGETED_DEVICE_FAMILY = "1,2";
				TEST_HOST = "$(BUILT_PRODUCTS_DIR)/swiftUI-Login.app/$(BUNDLE_EXECUTABLE_FOLDER_PATH)/swiftUI-Login";
			};
			name = Debug;
		};
		94A235BD2A291E2E00BDA98E /* Release */ = {
			isa = XCBuildConfiguration;
			buildSettings = {
				ALWAYS_EMBED_SWIFT_STANDARD_LIBRARIES = YES;
				BUNDLE_LOADER = "$(TEST_HOST)";
				CODE_SIGN_STYLE = Automatic;
				CURRENT_PROJECT_VERSION = 1;
				GENERATE_INFOPLIST_FILE = YES;
				IPHONEOS_DEPLOYMENT_TARGET = 16.4;
				MARKETING_VERSION = 1.0;
				PRODUCT_BUNDLE_IDENTIFIER = "swith-case.swiftUI-LoginTests";
				PRODUCT_NAME = "$(TARGET_NAME)";
				SWIFT_EMIT_LOC_STRINGS = NO;
				SWIFT_VERSION = 5.0;
				TARGETED_DEVICE_FAMILY = "1,2";
				TEST_HOST = "$(BUILT_PRODUCTS_DIR)/swiftUI-Login.app/$(BUNDLE_EXECUTABLE_FOLDER_PATH)/swiftUI-Login";
			};
			name = Release;
		};
		94A235BF2A291E2E00BDA98E /* Debug */ = {
			isa = XCBuildConfiguration;
			buildSettings = {
				ALWAYS_EMBED_SWIFT_STANDARD_LIBRARIES = YES;
				CODE_SIGN_STYLE = Automatic;
				CURRENT_PROJECT_VERSION = 1;
				GENERATE_INFOPLIST_FILE = YES;
				MARKETING_VERSION = 1.0;
				PRODUCT_BUNDLE_IDENTIFIER = "swith-case.swiftUI-LoginUITests";
				PRODUCT_NAME = "$(TARGET_NAME)";
				SWIFT_EMIT_LOC_STRINGS = NO;
				SWIFT_VERSION = 5.0;
				TARGETED_DEVICE_FAMILY = "1,2";
				TEST_TARGET_NAME = "swiftUI-Login";
			};
			name = Debug;
		};
		94A235C02A291E2E00BDA98E /* Release */ = {
			isa = XCBuildConfiguration;
			buildSettings = {
				ALWAYS_EMBED_SWIFT_STANDARD_LIBRARIES = YES;
				CODE_SIGN_STYLE = Automatic;
				CURRENT_PROJECT_VERSION = 1;
				GENERATE_INFOPLIST_FILE = YES;
				MARKETING_VERSION = 1.0;
				PRODUCT_BUNDLE_IDENTIFIER = "swith-case.swiftUI-LoginUITests";
				PRODUCT_NAME = "$(TARGET_NAME)";
				SWIFT_EMIT_LOC_STRINGS = NO;
				SWIFT_VERSION = 5.0;
				TARGETED_DEVICE_FAMILY = "1,2";
				TEST_TARGET_NAME = "swiftUI-Login";
			};
			name = Release;
		};
/* End XCBuildConfiguration section */

/* Begin XCConfigurationList section */
		94A2358F2A291E2D00BDA98E /* Build configuration list for PBXProject "swiftUI-Login" */ = {
			isa = XCConfigurationList;
			buildConfigurations = (
				94A235B62A291E2E00BDA98E /* Debug */,
				94A235B72A291E2E00BDA98E /* Release */,
			);
			defaultConfigurationIsVisible = 0;
			defaultConfigurationName = Release;
		};
		94A235B82A291E2E00BDA98E /* Build configuration list for PBXNativeTarget "swiftUI-Login" */ = {
			isa = XCConfigurationList;
			buildConfigurations = (
				94A235B92A291E2E00BDA98E /* Debug */,
				94A235BA2A291E2E00BDA98E /* Release */,
			);
			defaultConfigurationIsVisible = 0;
			defaultConfigurationName = Release;
		};
		94A235BB2A291E2E00BDA98E /* Build configuration list for PBXNativeTarget "swiftUI-LoginTests" */ = {
			isa = XCConfigurationList;
			buildConfigurations = (
				94A235BC2A291E2E00BDA98E /* Debug */,
				94A235BD2A291E2E00BDA98E /* Release */,
			);
			defaultConfigurationIsVisible = 0;
			defaultConfigurationName = Release;
		};
		94A235BE2A291E2E00BDA98E /* Build configuration list for PBXNativeTarget "swiftUI-LoginUITests" */ = {
			isa = XCConfigurationList;
			buildConfigurations = (
				94A235BF2A291E2E00BDA98E /* Debug */,
				94A235C02A291E2E00BDA98E /* Release */,
			);
			defaultConfigurationIsVisible = 0;
			defaultConfigurationName = Release;
		};
/* End XCConfigurationList section */
	};
	rootObject = 94A2358C2A291E2D00BDA98E /* Project object */;
}
